{
    "_meta": {
        "hash": {
            "sha256": "8c0a105e863e0232f336d79da0135617edb75b1baf51e308808278b8672bb42c"
        },
        "pipfile-spec": 6,
        "requires": {
            "python_version": "3.7"
        },
        "sources": [
            {
                "name": "pypi",
                "url": "https://pypi.org/simple",
                "verify_ssl": true
            }
        ]
    },
    "default": {
        "cycler": {
            "hashes": [
                "sha256:1d8a5ae1ff6c5cf9b93e8811e581232ad8920aeec647c37316ceac982b08cb2d",
                "sha256:cd7b2d1018258d7247a71425e9f26463dfb444d411c39569972f4ce586b0c9d8"
            ],
            "version": "==0.10.0"
        },
        "decorator": {
            "hashes": [
                "sha256:41fa54c2a0cc4ba648be4fd43cff00aedf5b9465c9bf18d64325bc225f08f760",
                "sha256:e3a62f0520172440ca0dcc823749319382e377f37f140a0b99ef45fecb84bfe7"
            ],
            "version": "==4.4.2"
        },
        "imageio": {
            "hashes": [
                "sha256:3604d751f03002e8e0e7650aa71d8d9148144a87daf17cb1f3228e80747f2e6b",
                "sha256:52ddbaeca2dccf53ba2d6dec5676ca7bc3b2403ef8b37f7da78b7654bb3e10f0"
            ],
            "version": "==2.9.0"
        },
        "kiwisolver": {
            "hashes": [
                "sha256:0cd53f403202159b44528498de18f9285b04482bab2a6fc3f5dd8dbb9352e30d",
                "sha256:1e1bc12fb773a7b2ffdeb8380609f4f8064777877b2225dec3da711b421fda31",
                "sha256:225e2e18f271e0ed8157d7f4518ffbf99b9450fca398d561eb5c4a87d0986dd9",
                "sha256:232c9e11fd7ac3a470d65cd67e4359eee155ec57e822e5220322d7b2ac84fbf0",
                "sha256:31dfd2ac56edc0ff9ac295193eeaea1c0c923c0355bf948fbd99ed6018010b72",
                "sha256:33449715e0101e4d34f64990352bce4095c8bf13bed1b390773fc0a7295967b3",
                "sha256:401a2e9afa8588589775fe34fc22d918ae839aaaf0c0e96441c0fdbce6d8ebe6",
                "sha256:44a62e24d9b01ba94ae7a4a6c3fb215dc4af1dde817e7498d901e229aaf50e4e",
                "sha256:50af681a36b2a1dee1d3c169ade9fdc59207d3c31e522519181e12f1b3ba7000",
                "sha256:563c649cfdef27d081c84e72a03b48ea9408c16657500c312575ae9d9f7bc1c3",
                "sha256:5989db3b3b34b76c09253deeaf7fbc2707616f130e166996606c284395da3f18",
                "sha256:5a7a7dbff17e66fac9142ae2ecafb719393aaee6a3768c9de2fd425c63b53e21",
                "sha256:5c3e6455341008a054cccee8c5d24481bcfe1acdbc9add30aa95798e95c65621",
                "sha256:5f6ccd3dd0b9739edcf407514016108e2280769c73a85b9e59aa390046dbf08b",
                "sha256:72c99e39d005b793fb7d3d4e660aed6b6281b502e8c1eaf8ee8346023c8e03bc",
                "sha256:78751b33595f7f9511952e7e60ce858c6d64db2e062afb325985ddbd34b5c131",
                "sha256:834ee27348c4aefc20b479335fd422a2c69db55f7d9ab61721ac8cd83eb78882",
                "sha256:8be8d84b7d4f2ba4ffff3665bcd0211318aa632395a1a41553250484a871d454",
                "sha256:950a199911a8d94683a6b10321f9345d5a3a8433ec58b217ace979e18f16e248",
                "sha256:a357fd4f15ee49b4a98b44ec23a34a95f1e00292a139d6015c11f55774ef10de",
                "sha256:a53d27d0c2a0ebd07e395e56a1fbdf75ffedc4a05943daf472af163413ce9598",
                "sha256:acef3d59d47dd85ecf909c359d0fd2c81ed33bdff70216d3956b463e12c38a54",
                "sha256:b38694dcdac990a743aa654037ff1188c7a9801ac3ccc548d3341014bc5ca278",
                "sha256:b9edd0110a77fc321ab090aaa1cfcaba1d8499850a12848b81be2222eab648f6",
                "sha256:c08e95114951dc2090c4a630c2385bef681cacf12636fb0241accdc6b303fd81",
                "sha256:c5518d51a0735b1e6cee1fdce66359f8d2b59c3ca85dc2b0813a8aa86818a030",
                "sha256:c8fd0f1ae9d92b42854b2979024d7597685ce4ada367172ed7c09edf2cef9cb8",
                "sha256:ca3820eb7f7faf7f0aa88de0e54681bddcb46e485beb844fcecbcd1c8bd01689",
                "sha256:cf8b574c7b9aa060c62116d4181f3a1a4e821b2ec5cbfe3775809474113748d4",
                "sha256:d3155d828dec1d43283bd24d3d3e0d9c7c350cdfcc0bd06c0ad1209c1bbc36d0",
                "sha256:f8d6f8db88049a699817fd9178782867bf22283e3813064302ac59f61d95be05",
                "sha256:fd34fbbfbc40628200730bc1febe30631347103fc8d3d4fa012c21ab9c11eca9"
            ],
            "version": "==1.3.1"
        },
        "matplotlib": {
            "hashes": [
                "sha256:09b4096748178bcc764b81587b00ab720eac24965d2bf44ecbe09dcf4e8ed253",
                "sha256:19cf4db0272da286863a50406f6430101af129f288c421b1a7f33ddfc8d0180f",
                "sha256:244a9088140a4c540e0a2db9c8ada5ad12520efded592a46e5bc43ff8f0fd0aa",
                "sha256:24e8db94948019d531ce0bcd637ac24b1c8f6744ac86d2aa0eb6dbaeb1386f82",
                "sha256:2a9d10930406748b50f60c5fa74c399a1c1080aa6ce6e3fe5f38473b02f6f06d",
                "sha256:605e4d43b421524ad955a56535391e02866d07bce27c644e2c99e25fb59d63d1",
                "sha256:695b4165520bdfe381d15a6db03778babb265fee7affdc43e169a881f3f329bc",
                "sha256:6aa7ea00ad7d898704ffed46e83efd7ec985beba57f507c957979f080678b9ea",
                "sha256:7c9adba58a67d23cc131c4189da56cb1d0f18a237c43188d831a44e4fc5df15a",
                "sha256:7ce8f5364c74aac06abad84d8744d659bd86036e86c4ebf14c75ae4292597b46",
                "sha256:855bb281f3cc8e23ef66064a2beb229674fdf785638091fc82a172e3e84c2780",
                "sha256:9ccc651261b7044ffc3b1e2f9af17b1ef4c6a12fc080b5a7353ef0b53a50be28",
                "sha256:b0786ac32983191fcd9cc0230b4ec2f8b3c25dee9beca46ca506c5d6cc5c593d",
                "sha256:bf8d527a2eb9a5db1c9e5e405d1b1c4e66be983620c9ce80af6aae430d9a0c9c",
                "sha256:c06ea133b44805d42f2507cb3503f6647b0c7918f1900b5063f5a8a69c63f6d2",
                "sha256:c1f850908600efa60f81ad14eedbaf7cb17185a2c6d26586ae826ae5ce21f6e0",
                "sha256:cef05e9a2302f96d6f0666ee70ac7715cbc12e3802d8b8eb80bacd6ab81a0a24",
                "sha256:e3868686f3023644523df486fc224b0af4349f3cdb933b0a71f261a574d7b65f",
                "sha256:ebb6168c9330309b1f3360d36c481d8cd621a490cf2a69c9d6625b2a76777c12",
                "sha256:f74c39621b03cec7bc08498f140192ac26ca940ef20beac6dfad3714d2298b2a",
                "sha256:f9753c6292d5a1fe46828feb38d1de1820e3ea109a5fea0b6ea1dca6e9d0b220"
            ],
            "index": "pypi",
            "version": "==3.3.0"
        },
        "networkx": {
            "hashes": [
                "sha256:7978955423fbc9639c10498878be59caf99b44dc304c2286162fd24b458c1602",
                "sha256:8c5812e9f798d37c50570d15c4a69d5710a18d77bafc903ee9c5fba7454c616c"
            ],
            "version": "==2.5"
        },
        "numpy": {
            "hashes": [
                "sha256:082f8d4dd69b6b688f64f509b91d482362124986d98dc7dc5f5e9f9b9c3bb983",
                "sha256:1bc0145999e8cb8aed9d4e65dd8b139adf1919e521177f198529687dbf613065",
                "sha256:309cbcfaa103fc9a33ec16d2d62569d541b79f828c382556ff072442226d1968",
                "sha256:3673c8b2b29077f1b7b3a848794f8e11f401ba0b71c49fbd26fb40b71788b132",
                "sha256:480fdd4dbda4dd6b638d3863da3be82873bba6d32d1fc12ea1b8486ac7b8d129",
                "sha256:56ef7f56470c24bb67fb43dae442e946a6ce172f97c69f8d067ff8550cf782ff",
                "sha256:5a936fd51049541d86ccdeef2833cc89a18e4d3808fe58a8abeb802665c5af93",
                "sha256:5b6885c12784a27e957294b60f97e8b5b4174c7504665333c5e94fbf41ae5d6a",
                "sha256:667c07063940e934287993366ad5f56766bc009017b4a0fe91dbd07960d0aba7",
                "sha256:7ed448ff4eaffeb01094959b19cbaf998ecdee9ef9932381420d514e446601cd",
                "sha256:8343bf67c72e09cfabfab55ad4a43ce3f6bf6e6ced7acf70f45ded9ebb425055",
                "sha256:92feb989b47f83ebef246adabc7ff3b9a59ac30601c3f6819f8913458610bdcc",
                "sha256:935c27ae2760c21cd7354402546f6be21d3d0c806fffe967f745d5f2de5005a7",
                "sha256:aaf42a04b472d12515debc621c31cf16c215e332242e7a9f56403d814c744624",
                "sha256:b12e639378c741add21fbffd16ba5ad25c0a1a17cf2b6fe4288feeb65144f35b",
                "sha256:b1cca51512299841bf69add3b75361779962f9cee7d9ee3bb446d5982e925b69",
                "sha256:b8456987b637232602ceb4d663cb34106f7eb780e247d51a260b84760fd8f491",
                "sha256:b9792b0ac0130b277536ab8944e7b754c69560dac0415dd4b2dbd16b902c8954",
                "sha256:c9591886fc9cbe5532d5df85cb8e0cc3b44ba8ce4367bd4cf1b93dc19713da72",
                "sha256:cf1347450c0b7644ea142712619533553f02ef23f92f781312f6a3553d031fc7",
                "sha256:de8b4a9b56255797cbddb93281ed92acbc510fb7b15df3f01bd28f46ebc4edae",
                "sha256:e1b1dc0372f530f26a03578ac75d5e51b3868b9b76cd2facba4c9ee0eb252ab1",
                "sha256:e45f8e981a0ab47103181773cc0a54e650b2aef8c7b6cd07405d0fa8d869444a",
                "sha256:e4f6d3c53911a9d103d8ec9518190e52a8b945bab021745af4939cfc7c0d4a9e",
                "sha256:ed8a311493cf5480a2ebc597d1e177231984c818a86875126cfd004241a73c3e",
                "sha256:ef71a1d4fd4858596ae80ad1ec76404ad29701f8ca7cdcebc50300178db14dfc"
            ],
            "index": "pypi",
            "version": "==1.19.1"
        },
        "pillow": {
            "hashes": [
                "sha256:01bb0a34f1a6689b138c0089d670ae2e8f886d2666a9b2f2019031abdea673c4",
                "sha256:07872f1d8421db5a3fe770f7480835e5e90fddb58f36c216d4a2ac0d594de474",
                "sha256:1022f8f6dc3c5b0dcf928f1c49ba2ac73051f576af100d57776e2b65c1f76a8d",
                "sha256:14415e9e28410232370615dbde0cf0a00e526f522f665460344a5b96973a3086",
                "sha256:172acfaf00434a28dddfe592d83f2980e22e63c769ff4a448ddf7b7a38ffd165",
                "sha256:1c5e3c36f02c815766ae9dd91899b1c5b4652f2a37b7a51609f3bd467c0f11fb",
                "sha256:292f2aa1ae5c5c1451cb4b558addb88c257411d3fd71c6cf45562911baffc979",
                "sha256:2a40d7d4b17db87f5b9a1efc0aff56000e1d0d5ece415090c102aafa0ccbe858",
                "sha256:2f0d7034d5faae9a8d1019d152ede924f653df2ce77d3bba4ce62cd21b5f94ae",
                "sha256:33fdbd4f5608c852d97264f9d2e3b54e9e9959083d008145175b86100b275e5b",
                "sha256:3b13d89d97b551e02549d1f0edf22bed6acfd6fd2e888cd1e9a953bf215f0e81",
                "sha256:3e759bcc03d6f39bc751e56d86bc87252b9a21c689a27c5ed753717a87d53a5b",
                "sha256:3ec87bd1248b23a2e4e19e774367fbe30fddc73913edc5f9b37470624f55dc1f",
                "sha256:436b0a2dd9fe3f7aa6a444af6bdf53c1eb8f5ced9ea3ef104daa83f0ea18e7bc",
                "sha256:43b3c859912e8bf754b3c5142df624794b18eb7ae07cfeddc917e1a9406a3ef2",
                "sha256:4fe74636ee71c57a7f65d7b21a9f127d842b4fb75511e5d256ace258826eb352",
                "sha256:59445af66b59cc39530b4f810776928d75e95f41e945f0c32a3de4aceb93c15d",
                "sha256:69da5b1d7102a61ce9b45deb2920a2012d52fd8f4201495ea9411d0071b0ec22",
                "sha256:7094bbdecb95ebe53166e4c12cf5e28310c2b550b08c07c5dc15433898e2238e",
                "sha256:8211cac9bf10461f9e33fe9a3af6c5131f3fdd0d10672afc2abb2c70cf95c5ca",
                "sha256:8cf77e458bd996dc85455f10fe443c0c946f5b13253773439bcbec08aa1aebc2",
                "sha256:924fc33cb4acaf6267b8ca3b8f1922620d57a28470d5e4f49672cea9a841eb08",
                "sha256:99ce3333b40b7a4435e0a18baad468d44ab118a4b1da0af0a888893d03253f1d",
                "sha256:a7d690b2c5f7e4a932374615fedceb1e305d2dd5363c1de15961725fe10e7d16",
                "sha256:b9af590adc1e46898a1276527f3cfe2da8048ae43fbbf9b1bf9395f6c99d9b47",
                "sha256:bb18422ad00c1fecc731d06592e99c3be2c634da19e26942ba2f13d805005cf2",
                "sha256:c10af40ee2f1a99e1ae755ab1f773916e8bca3364029a042cd9161c400416bd8",
                "sha256:c143c409e7bc1db784471fe9d0bf95f37c4458e879ad84cfae640cb74ee11a26",
                "sha256:c448d2b335e21951416a30cd48d35588d122a912d5fe9e41900afacecc7d21a1",
                "sha256:d30f30c044bdc0ab8f3924e1eeaac87e0ff8a27e87369c5cac4064b6ec78fd83",
                "sha256:df534e64d4f3e84e8f1e1a37da3f541555d947c1c1c09b32178537f0f243f69d",
                "sha256:f6fc18f9c9c7959bf58e6faf801d14fafb6d4717faaf6f79a68c8bb2a13dcf20",
                "sha256:ff83dfeb04c98bb3e7948f876c17513a34e9a19fd92e292288649164924c1b39"
            ],
            "index": "pypi",
            "version": "==8.1.1"
        },
        "pyparsing": {
            "hashes": [
                "sha256:c203ec8783bf771a155b207279b9bccb8dea02d8f0c9e5f8ead507bc3246ecc1",
                "sha256:ef9d7589ef3c200abe66653d3f1ab1033c3c419ae9b9bdb1240a85b024efc88b"
            ],
            "version": "==2.4.7"
        },
        "python-dateutil": {
            "hashes": [
                "sha256:73ebfe9dbf22e832286dafa60473e4cd239f8592f699aa5adaf10050e6e1823c",
                "sha256:75bb3f31ea686f1197762692a9ee6a7550b59fc6ca3a1f4b5d7e32fb98e2da2a"
            ],
            "version": "==2.8.1"
        },
        "pywavelets": {
            "hashes": [
                "sha256:076ca8907001fdfe4205484f719d12b4a0262dfe6652fa1cfc3c5c362d14dc84",
                "sha256:18a51b3f9416a2ae6e9a35c4af32cf520dd7895f2b69714f4aa2f4342fca47f9",
                "sha256:1a64b40f6acb4ffbaccce0545d7fc641744f95351f62e4c6aaa40549326008c9",
                "sha256:2b634a54241c190ee989a4af87669d377b37c91bcc9cf0efe33c10ff847f7841",
                "sha256:2f7429eeb5bf9c7068002d0d7f094ed654c77a70ce5e6198737fd68ab85f8311",
                "sha256:35959c041ec014648575085a97b498eafbbaa824f86f6e4a59bfdef8a3fe6308",
                "sha256:39c74740718e420d38c78ca4498568fa57976d78d5096277358e0fa9629a7aea",
                "sha256:411e17ca6ed8cf5e18a7ca5ee06a91c25800cc6c58c77986202abf98d749273a",
                "sha256:55e39ec848ceec13c9fa1598253ae9dd5c31d09dfd48059462860d2b908fb224",
                "sha256:6162dc0ae04669ea04b4b51420777b9ea2d30b0a9d02901b2a3b4d61d159c2e9",
                "sha256:68b5c33741d26c827074b3d8f0251de1c3019bb9567b8d303eb093c822ce28f1",
                "sha256:6bc78fb9c42a716309b4ace56f51965d8b5662c3ba19d4591749f31773db1125",
                "sha256:6ebfefebb5c6494a3af41ad8c60248a95da267a24b79ed143723d4502b1fe4d7",
                "sha256:720dbcdd3d91c6dfead79c80bf8b00a1d8aa4e5d551dc528c6d5151e4efc3403",
                "sha256:732bab78435c48be5d6bc75486ef629d7c8f112e07b313bf1f1a2220ab437277",
                "sha256:7947e51ca05489b85928af52a34fe67022ab5b81d4ae32a4109a99e883a0635e",
                "sha256:79f5b54f9dc353e5ee47f0c3f02bebd2c899d49780633aa771fed43fa20b3149",
                "sha256:80b924edbc012ded8aa8b91cb2fd6207fb1a9a3a377beb4049b8a07445cec6f0",
                "sha256:83c5e3eb78ce111c2f0b45f46106cc697c3cb6c4e5f51308e1f81b512c70c8fb",
                "sha256:889d4c5c5205a9c90118c1980df526857929841df33e4cd1ff1eff77c6817a65",
                "sha256:935ff247b8b78bdf77647fee962b1cc208c51a7b229db30b9ba5f6da3e675178",
                "sha256:98b2669c5af842a70cfab33a7043fcb5e7535a690a00cd251b44c9be0be418e5",
                "sha256:9e2528823ccf5a0a1d23262dfefe5034dce89cd84e4e124dc553dfcdf63ebb92",
                "sha256:bc5e87b72371da87c9bebc68e54882aada9c3114e640de180f62d5da95749cd3",
                "sha256:be105382961745f88d8196bba5a69ee2c4455d87ad2a2e5d1eed6bd7fda4d3fd",
                "sha256:c06d2e340c7bf8b9ec71da2284beab8519a3908eab031f4ea126e8ccfc3fd567",
                "sha256:c2a799e79cee81a862216c47e5623c97b95f1abee8dd1f9eed736df23fb653fb",
                "sha256:cfe79844526dd92e3ecc9490b5031fca5f8ab607e1e858feba232b1b788ff0ea",
                "sha256:d510aef84d9852653d079c84f2f81a82d5d09815e625f35c95714e7364570ad4",
                "sha256:e02a0558e0c2ac8b8bbe6a6ac18c136767ec56b96a321e0dfde2173adfa5a504"
            ],
            "version": "==1.1.1"
        },
        "scikit-image": {
            "hashes": [
                "sha256:113bcacdfc839854f527a166a71768708328208e7b66e491050d6a57fa6727c7",
                "sha256:11eec2e65cd4cd6487fe1089aa3538dbe25525aec7a36f5a0f14145df0163ce7",
                "sha256:178210582cc62a5b25c633966658f1f2598615f9c3f27f36cf45055d2a74b401",
                "sha256:1fda9109a19dc9d7a4ac152d1fc226fed7282ad186a099f14c0aa9151f0c758e",
                "sha256:6b65a103edbc34b22640daf3b084dc9e470c358d3298c10aa9e3b424dcc02db6",
                "sha256:7bedd3881ca4fea657a894815bcd5e5bf80944c26274f6b6417bb770c3f4f8e6",
                "sha256:86a834f9a4d30201c0803a48a25364fe8f93f9feb3c58f2c483d3ce0a3e5fe4a",
                "sha256:87ca5168c6fc36b7a298a1db2d185a8298f549854342020f282f747a4e4ddce9",
                "sha256:bd954c0588f0f7e81d9763dc95e06950e68247d540476e06cb77bcbcd8c2d8b3",
                "sha256:c0876e562991b0babff989ff4d00f35067a2ddef82e5fdd895862555ffbaec25",
                "sha256:c5c277704b12e702e34d1f7b7a04d5ee8418735f535d269c74c02c6c9f8abee2",
                "sha256:e99fa7514320011b250a21ab855fdd61ddcc05d3c77ec9e8f13edcc15d3296b5",
                "sha256:ee3db438b5b9f8716a91ab26a61377a8a63356b186706f5b979822cc7241006d"
            ],
            "index": "pypi",
            "version": "==0.17.2"
        },
        "scipy": {
            "hashes": [
                "sha256:0c8a51d33556bf70367452d4d601d1742c0e806cd0194785914daf19775f0e67",
                "sha256:0e5b0ccf63155d90da576edd2768b66fb276446c371b73841e3503be1d63fb5d",
                "sha256:2481efbb3740977e3c831edfd0bd9867be26387cacf24eb5e366a6a374d3d00d",
                "sha256:33d6b7df40d197bdd3049d64e8e680227151673465e5d85723b3b8f6b15a6ced",
                "sha256:5da5471aed911fe7e52b86bf9ea32fb55ae93e2f0fac66c32e58897cfb02fa07",
                "sha256:5f331eeed0297232d2e6eea51b54e8278ed8bb10b099f69c44e2558c090d06bf",
                "sha256:5fa9c6530b1661f1370bcd332a1e62ca7881785cc0f80c0d559b636567fab63c",
                "sha256:6725e3fbb47da428794f243864f2297462e9ee448297c93ed1dcbc44335feb78",
                "sha256:68cb4c424112cd4be886b4d979c5497fba190714085f46b8ae67a5e4416c32b4",
                "sha256:794e768cc5f779736593046c9714e0f3a5940bc6dcc1dba885ad64cbfb28e9f0",
                "sha256:83bf7c16245c15bc58ee76c5418e46ea1811edcc2e2b03041b804e46084ab627",
                "sha256:8e403a337749ed40af60e537cc4d4c03febddcc56cd26e774c9b1b600a70d3e4",
                "sha256:a15a1f3fc0abff33e792d6049161b7795909b40b97c6cc2934ed54384017ab76",
                "sha256:a423533c55fec61456dedee7b6ee7dce0bb6bfa395424ea374d25afa262be261",
                "sha256:a5193a098ae9f29af283dcf0041f762601faf2e595c0db1da929875b7570353f",
                "sha256:bd50daf727f7c195e26f27467c85ce653d41df4358a25b32434a50d8870fc519",
                "sha256:c4fceb864890b6168e79b0e714c585dbe2fd4222768ee90bc1aa0f8218691b11",
                "sha256:e79570979ccdc3d165456dd62041d9556fb9733b86b4b6d818af7a0afc15f092",
                "sha256:f46dd15335e8a320b0fb4685f58b7471702234cba8bb3442b69a3e1dc329c345"
            ],
            "version": "==1.6.1"
        },
        "six": {
            "hashes": [
                "sha256:30639c035cdb23534cd4aa2dd52c3bf48f06e5f4a941509c8bafd8ce11080259",
                "sha256:8b74bedcbbbaca38ff6d7491d76f2b06b3592611af620f8426e82dddb04a5ced"
            ],
            "version": "==1.15.0"
        },
        "tifffile": {
            "hashes": [
                "sha256:1b72c92ecd2273e52686c0f8792d1d1c4da4109b241dd1723dfe56ef4d1ad612",
                "sha256:f6092aba910ed52b6087877c9a2f604ba67623a8703fa8079929b62992dcc69c"
            ],
            "version": "==2021.3.17"
        }
    },
    "develop": {}
}
